<?xml version="1.0" encoding="utf-8"?>
<Project ToolsVersion="4.0" xmlns="http://schemas.microsoft.com/developer/msbuild/2003">
  <ItemGroup>
    <Filter Include="소스 파일">
      <UniqueIdentifier>{4FC737F1-C7A5-4376-A066-2A32D752A2FF}</UniqueIdentifier>
      <Extensions>cpp;c;cc;cxx;c++;cppm;ixx;def;odl;idl;hpj;bat;asm;asmx</Extensions>
    </Filter>
    <Filter Include="헤더 파일">
      <UniqueIdentifier>{93995380-89BD-4b04-88EB-625FBE52EBFB}</UniqueIdentifier>
      <Extensions>h;hh;hpp;hxx;h++;hm;inl;inc;ipp;xsd</Extensions>
    </Filter>
    <Filter Include="리소스 파일">
      <UniqueIdentifier>{67DA6AB6-F800-4c08-8B7A-83BB121AAD01}</UniqueIdentifier>
      <Extensions>rc;ico;cur;bmp;dlg;rc2;rct;bin;rgs;gif;jpg;jpeg;jpe;resx;tiff;tif;png;wav;mfcribbon-ms</Extensions>
    </Filter>
    <Filter Include="소스 파일\cleancode_srp_vehicle">
      <UniqueIdentifier>{f18155f3-4448-4954-8bd1-79b63d7d2e48}</UniqueIdentifier>
    </Filter>
    <Filter Include="소스 파일\cleancode_ocp_greeter">
      <UniqueIdentifier>{a1a6d4c3-bda7-41d1-a080-efa21048fbee}</UniqueIdentifier>
    </Filter>
    <Filter Include="소스 파일\cleancode_isp_bird">
      <UniqueIdentifier>{78d3ea0f-e363-4173-98da-758b25340f12}</UniqueIdentifier>
    </Filter>
    <Filter Include="소스 파일\cleancode_dip_racingcar">
      <UniqueIdentifier>{9cd19321-b357-4ce7-8e66-820643d912b2}</UniqueIdentifier>
    </Filter>
    <Filter Include="소스 파일\practice">
      <UniqueIdentifier>{a43484a8-a3e0-4fc6-be09-b38e1d6e62d3}</UniqueIdentifier>
    </Filter>
  </ItemGroup>
  <ItemGroup>
    <ClCompile Include="Vehicle.cpp">
      <Filter>소스 파일\cleancode_srp_vehicle</Filter>
    </ClCompile>
    <ClCompile Include="OilBank.cpp">
      <Filter>소스 파일\cleancode_srp_vehicle</Filter>
    </ClCompile>
    <ClCompile Include="greeter.cpp">
      <Filter>소스 파일\cleancode_ocp_greeter</Filter>
    </ClCompile>
    <ClCompile Include="bird.cpp">
      <Filter>소스 파일\cleancode_isp_bird</Filter>
    </ClCompile>
    <ClCompile Include="racingcar.cpp">
      <Filter>소스 파일\cleancode_dip_racingcar</Filter>
    </ClCompile>
    <ClCompile Include="cal.cpp">
      <Filter>소스 파일\practice</Filter>
    </ClCompile>
    <ClCompile Include="Calculator.cpp">
      <Filter>소스 파일\practice</Filter>
    </ClCompile>
    <ClCompile Include="GameMachine.cpp">
      <Filter>소스 파일\practice</Filter>
    </ClCompile>
    <ClCompile Include="main.cpp">
      <Filter>소스 파일\practice</Filter>
    </ClCompile>
    <ClCompile Include="phone.cpp">
      <Filter>소스 파일\practice</Filter>
    </ClCompile>
    <ClCompile Include="Robot.cpp">
      <Filter>소스 파일\practice</Filter>
    </ClCompile>
    <ClCompile Include="Socket.cpp">
      <Filter>소스 파일\practice</Filter>
    </ClCompile>
    <ClCompile Include="Zegop.cpp">
      <Filter>소스 파일\practice</Filter>
    </ClCompile>
    <ClCompile Include="Zergling.cpp">
      <Filter>소스 파일\practice</Filter>
    </ClCompile>
    <ClCompile Include="splitAndSum.cpp">
      <Filter>소스 파일\practice</Filter>
    </ClCompile>
  </ItemGroup>
</Project>